// !$*UTF8*$!
{
	archiveVersion = 1;
	classes = {
	};
	objectVersion = 55;
	objects = {

/* Begin PBXBuildFile section */
		153D18D5CA52330A1F321016 /* Pods_ShoppingApp_ShoppingAppUITests.framework in Frameworks */ = {isa = PBXBuildFile; fileRef = 277EA474E56BD352C11D97C7 /* Pods_ShoppingApp_ShoppingAppUITests.framework */; };
		3264736D77257DC018219C70 /* Pods_ShoppingApp.framework in Frameworks */ = {isa = PBXBuildFile; fileRef = F4B5A174D0B443E776DB68AC /* Pods_ShoppingApp.framework */; };
		72A8318A27CC17B1005B1E61 /* CategoryItem.swift in Sources */ = {isa = PBXBuildFile; fileRef = 72A8318927CC17B1005B1E61 /* CategoryItem.swift */; };
		72AAEBB727CEB07700EA3ADF /* UIImageView+KF.swift in Sources */ = {isa = PBXBuildFile; fileRef = 72AAEBB627CEB07700EA3ADF /* UIImageView+KF.swift */; };
		72E625DE27CE3F9100513273 /* CollectionViewCellConfigurable.swift in Sources */ = {isa = PBXBuildFile; fileRef = 72E625DD27CE3F9100513273 /* CollectionViewCellConfigurable.swift */; };
		72E625E027CE3FC600513273 /* CollectionViewDataSource.swift in Sources */ = {isa = PBXBuildFile; fileRef = 72E625DF27CE3FC600513273 /* CollectionViewDataSource.swift */; };
		72E625E427CE403D00513273 /* Array+Indexable.swift in Sources */ = {isa = PBXBuildFile; fileRef = 72E625E327CE403D00513273 /* Array+Indexable.swift */; };
		72E625E727CE4D4300513273 /* CollectionViewComposLayout.swift in Sources */ = {isa = PBXBuildFile; fileRef = 72E625E627CE4D4300513273 /* CollectionViewComposLayout.swift */; };
		72E625EC27CE500300513273 /* ItemCollectionViewCell.swift in Sources */ = {isa = PBXBuildFile; fileRef = 72E625EA27CE500300513273 /* ItemCollectionViewCell.swift */; };
		72E625ED27CE500300513273 /* ItemCollectionViewCell.xib in Resources */ = {isa = PBXBuildFile; fileRef = 72E625EB27CE500300513273 /* ItemCollectionViewCell.xib */; };
		72EDD24F27CB63E200CD318A /* AppDelegate.swift in Sources */ = {isa = PBXBuildFile; fileRef = 72EDD24E27CB63E200CD318A /* AppDelegate.swift */; };
		72EDD25127CB63E200CD318A /* SceneDelegate.swift in Sources */ = {isa = PBXBuildFile; fileRef = 72EDD25027CB63E200CD318A /* SceneDelegate.swift */; };
		72EDD25327CB63E200CD318A /* MainTabBarViewController.swift in Sources */ = {isa = PBXBuildFile; fileRef = 72EDD25227CB63E200CD318A /* MainTabBarViewController.swift */; };
		72EDD25627CB63E200CD318A /* Main.storyboard in Resources */ = {isa = PBXBuildFile; fileRef = 72EDD25427CB63E200CD318A /* Main.storyboard */; };
		72EDD25827CB63E400CD318A /* Assets.xcassets in Resources */ = {isa = PBXBuildFile; fileRef = 72EDD25727CB63E400CD318A /* Assets.xcassets */; };
		72EDD25B27CB63E400CD318A /* LaunchScreen.storyboard in Resources */ = {isa = PBXBuildFile; fileRef = 72EDD25927CB63E400CD318A /* LaunchScreen.storyboard */; };
		72EDD26627CB63E400CD318A /* ShoppingAppTests.swift in Sources */ = {isa = PBXBuildFile; fileRef = 72EDD26527CB63E400CD318A /* ShoppingAppTests.swift */; };
		72EDD27027CB63E400CD318A /* ShoppingAppUITests.swift in Sources */ = {isa = PBXBuildFile; fileRef = 72EDD26F27CB63E400CD318A /* ShoppingAppUITests.swift */; };
		72EDD27227CB63E400CD318A /* ShoppingAppUITestsLaunchTests.swift in Sources */ = {isa = PBXBuildFile; fileRef = 72EDD27127CB63E400CD318A /* ShoppingAppUITestsLaunchTests.swift */; };
		72EDD28F27CB793100CD318A /* CustomTabBar.swift in Sources */ = {isa = PBXBuildFile; fileRef = 72EDD28E27CB793100CD318A /* CustomTabBar.swift */; };
		72EDD29427CB8AA500CD318A /* ShopItem.swift in Sources */ = {isa = PBXBuildFile; fileRef = 72EDD29327CB8AA500CD318A /* ShopItem.swift */; };
		72EDD29727CB8F9400CD318A /* Network.swift in Sources */ = {isa = PBXBuildFile; fileRef = 72EDD29627CB8F9400CD318A /* Network.swift */; };
		72EDD29927CB8FB700CD318A /* Requestable.swift in Sources */ = {isa = PBXBuildFile; fileRef = 72EDD29827CB8FB700CD318A /* Requestable.swift */; };
		72EDD29B27CB96BC00CD318A /* HomeViewController.swift in Sources */ = {isa = PBXBuildFile; fileRef = 72EDD29A27CB96BC00CD318A /* HomeViewController.swift */; };
		72EDD29D27CB973A00CD318A /* ItemRequest.swift in Sources */ = {isa = PBXBuildFile; fileRef = 72EDD29C27CB973A00CD318A /* ItemRequest.swift */; };
		72EDD2A027CBAE1E00CD318A /* HomeViewModel.swift in Sources */ = {isa = PBXBuildFile; fileRef = 72EDD29F27CBAE1E00CD318A /* HomeViewModel.swift */; };
		72EDD2A427CBC0C000CD318A /* CategoryCollectionViewCell.swift in Sources */ = {isa = PBXBuildFile; fileRef = 72EDD2A227CBC0C000CD318A /* CategoryCollectionViewCell.swift */; };
		72EDD2A727CBC56700CD318A /* CategoryCollectionViewCell.xib in Resources */ = {isa = PBXBuildFile; fileRef = 72EDD2A627CBC56600CD318A /* CategoryCollectionViewCell.xib */; };
		7C7B87EA9D69C36B73804EF7 /* Pods_ShoppingAppTests.framework in Frameworks */ = {isa = PBXBuildFile; fileRef = 5489DD1F2BFFFAD6E6AC1C04 /* Pods_ShoppingAppTests.framework */; };
/* End PBXBuildFile section */

/* Begin PBXContainerItemProxy section */
		72EDD26227CB63E400CD318A /* PBXContainerItemProxy */ = {
			isa = PBXContainerItemProxy;
			containerPortal = 72EDD24327CB63E200CD318A /* Project object */;
			proxyType = 1;
			remoteGlobalIDString = 72EDD24A27CB63E200CD318A;
			remoteInfo = ShoppingApp;
		};
		72EDD26C27CB63E400CD318A /* PBXContainerItemProxy */ = {
			isa = PBXContainerItemProxy;
			containerPortal = 72EDD24327CB63E200CD318A /* Project object */;
			proxyType = 1;
			remoteGlobalIDString = 72EDD24A27CB63E200CD318A;
			remoteInfo = ShoppingApp;
		};
/* End PBXContainerItemProxy section */

/* Begin PBXFileReference section */
		277EA474E56BD352C11D97C7 /* Pods_ShoppingApp_ShoppingAppUITests.framework */ = {isa = PBXFileReference; explicitFileType = wrapper.framework; includeInIndex = 0; path = Pods_ShoppingApp_ShoppingAppUITests.framework; sourceTree = BUILT_PRODUCTS_DIR; };
		5489DD1F2BFFFAD6E6AC1C04 /* Pods_ShoppingAppTests.framework */ = {isa = PBXFileReference; explicitFileType = wrapper.framework; includeInIndex = 0; path = Pods_ShoppingAppTests.framework; sourceTree = BUILT_PRODUCTS_DIR; };
		72A8318927CC17B1005B1E61 /* CategoryItem.swift */ = {isa = PBXFileReference; lastKnownFileType = sourcecode.swift; path = CategoryItem.swift; sourceTree = "<group>"; };
		72AAEBB627CEB07700EA3ADF /* UIImageView+KF.swift */ = {isa = PBXFileReference; lastKnownFileType = sourcecode.swift; path = "UIImageView+KF.swift"; sourceTree = "<group>"; };
		72E625DD27CE3F9100513273 /* CollectionViewCellConfigurable.swift */ = {isa = PBXFileReference; lastKnownFileType = sourcecode.swift; path = CollectionViewCellConfigurable.swift; sourceTree = "<group>"; };
		72E625DF27CE3FC600513273 /* CollectionViewDataSource.swift */ = {isa = PBXFileReference; lastKnownFileType = sourcecode.swift; path = CollectionViewDataSource.swift; sourceTree = "<group>"; };
		72E625E327CE403D00513273 /* Array+Indexable.swift */ = {isa = PBXFileReference; lastKnownFileType = sourcecode.swift; path = "Array+Indexable.swift"; sourceTree = "<group>"; };
		72E625E627CE4D4300513273 /* CollectionViewComposLayout.swift */ = {isa = PBXFileReference; lastKnownFileType = sourcecode.swift; path = CollectionViewComposLayout.swift; sourceTree = "<group>"; };
		72E625EA27CE500300513273 /* ItemCollectionViewCell.swift */ = {isa = PBXFileReference; lastKnownFileType = sourcecode.swift; path = ItemCollectionViewCell.swift; sourceTree = "<group>"; };
		72E625EB27CE500300513273 /* ItemCollectionViewCell.xib */ = {isa = PBXFileReference; lastKnownFileType = file.xib; path = ItemCollectionViewCell.xib; sourceTree = "<group>"; };
		72EDD24B27CB63E200CD318A /* ShoppingApp.app */ = {isa = PBXFileReference; explicitFileType = wrapper.application; includeInIndex = 0; path = ShoppingApp.app; sourceTree = BUILT_PRODUCTS_DIR; };
		72EDD24E27CB63E200CD318A /* AppDelegate.swift */ = {isa = PBXFileReference; lastKnownFileType = sourcecode.swift; path = AppDelegate.swift; sourceTree = "<group>"; };
		72EDD25027CB63E200CD318A /* SceneDelegate.swift */ = {isa = PBXFileReference; lastKnownFileType = sourcecode.swift; path = SceneDelegate.swift; sourceTree = "<group>"; };
		72EDD25227CB63E200CD318A /* MainTabBarViewController.swift */ = {isa = PBXFileReference; lastKnownFileType = sourcecode.swift; path = MainTabBarViewController.swift; sourceTree = "<group>"; };
		72EDD25527CB63E200CD318A /* Base */ = {isa = PBXFileReference; lastKnownFileType = file.storyboard; name = Base; path = Base.lproj/Main.storyboard; sourceTree = "<group>"; };
		72EDD25727CB63E400CD318A /* Assets.xcassets */ = {isa = PBXFileReference; lastKnownFileType = folder.assetcatalog; path = Assets.xcassets; sourceTree = "<group>"; };
		72EDD25A27CB63E400CD318A /* Base */ = {isa = PBXFileReference; lastKnownFileType = file.storyboard; name = Base; path = Base.lproj/LaunchScreen.storyboard; sourceTree = "<group>"; };
		72EDD25C27CB63E400CD318A /* Info.plist */ = {isa = PBXFileReference; lastKnownFileType = text.plist.xml; path = Info.plist; sourceTree = "<group>"; };
		72EDD26127CB63E400CD318A /* ShoppingAppTests.xctest */ = {isa = PBXFileReference; explicitFileType = wrapper.cfbundle; includeInIndex = 0; path = ShoppingAppTests.xctest; sourceTree = BUILT_PRODUCTS_DIR; };
		72EDD26527CB63E400CD318A /* ShoppingAppTests.swift */ = {isa = PBXFileReference; lastKnownFileType = sourcecode.swift; path = ShoppingAppTests.swift; sourceTree = "<group>"; };
		72EDD26B27CB63E400CD318A /* ShoppingAppUITests.xctest */ = {isa = PBXFileReference; explicitFileType = wrapper.cfbundle; includeInIndex = 0; path = ShoppingAppUITests.xctest; sourceTree = BUILT_PRODUCTS_DIR; };
		72EDD26F27CB63E400CD318A /* ShoppingAppUITests.swift */ = {isa = PBXFileReference; lastKnownFileType = sourcecode.swift; path = ShoppingAppUITests.swift; sourceTree = "<group>"; };
		72EDD27127CB63E400CD318A /* ShoppingAppUITestsLaunchTests.swift */ = {isa = PBXFileReference; lastKnownFileType = sourcecode.swift; path = ShoppingAppUITestsLaunchTests.swift; sourceTree = "<group>"; };
		72EDD28E27CB793100CD318A /* CustomTabBar.swift */ = {isa = PBXFileReference; lastKnownFileType = sourcecode.swift; path = CustomTabBar.swift; sourceTree = "<group>"; };
		72EDD29327CB8AA500CD318A /* ShopItem.swift */ = {isa = PBXFileReference; lastKnownFileType = sourcecode.swift; path = ShopItem.swift; sourceTree = "<group>"; };
		72EDD29627CB8F9400CD318A /* Network.swift */ = {isa = PBXFileReference; lastKnownFileType = sourcecode.swift; path = Network.swift; sourceTree = "<group>"; };
		72EDD29827CB8FB700CD318A /* Requestable.swift */ = {isa = PBXFileReference; lastKnownFileType = sourcecode.swift; path = Requestable.swift; sourceTree = "<group>"; };
		72EDD29A27CB96BC00CD318A /* HomeViewController.swift */ = {isa = PBXFileReference; lastKnownFileType = sourcecode.swift; path = HomeViewController.swift; sourceTree = "<group>"; };
		72EDD29C27CB973A00CD318A /* ItemRequest.swift */ = {isa = PBXFileReference; lastKnownFileType = sourcecode.swift; path = ItemRequest.swift; sourceTree = "<group>"; };
		72EDD29F27CBAE1E00CD318A /* HomeViewModel.swift */ = {isa = PBXFileReference; lastKnownFileType = sourcecode.swift; path = HomeViewModel.swift; sourceTree = "<group>"; };
		72EDD2A227CBC0C000CD318A /* CategoryCollectionViewCell.swift */ = {isa = PBXFileReference; lastKnownFileType = sourcecode.swift; path = CategoryCollectionViewCell.swift; sourceTree = "<group>"; };
		72EDD2A627CBC56600CD318A /* CategoryCollectionViewCell.xib */ = {isa = PBXFileReference; fileEncoding = 4; lastKnownFileType = file.xib; path = CategoryCollectionViewCell.xib; sourceTree = "<group>"; };
		9474B5FEC96976028B0C26DD /* Pods-ShoppingAppTests.release.xcconfig */ = {isa = PBXFileReference; includeInIndex = 1; lastKnownFileType = text.xcconfig; name = "Pods-ShoppingAppTests.release.xcconfig"; path = "Target Support Files/Pods-ShoppingAppTests/Pods-ShoppingAppTests.release.xcconfig"; sourceTree = "<group>"; };
		983EDD5DDB01BE5A496F1907 /* Pods-ShoppingApp-ShoppingAppUITests.debug.xcconfig */ = {isa = PBXFileReference; includeInIndex = 1; lastKnownFileType = text.xcconfig; name = "Pods-ShoppingApp-ShoppingAppUITests.debug.xcconfig"; path = "Target Support Files/Pods-ShoppingApp-ShoppingAppUITests/Pods-ShoppingApp-ShoppingAppUITests.debug.xcconfig"; sourceTree = "<group>"; };
		CB6B47B68451165B8538A594 /* Pods-ShoppingApp-ShoppingAppUITests.release.xcconfig */ = {isa = PBXFileReference; includeInIndex = 1; lastKnownFileType = text.xcconfig; name = "Pods-ShoppingApp-ShoppingAppUITests.release.xcconfig"; path = "Target Support Files/Pods-ShoppingApp-ShoppingAppUITests/Pods-ShoppingApp-ShoppingAppUITests.release.xcconfig"; sourceTree = "<group>"; };
		DCF5C4A02C110A52039DC642 /* Pods-ShoppingAppTests.debug.xcconfig */ = {isa = PBXFileReference; includeInIndex = 1; lastKnownFileType = text.xcconfig; name = "Pods-ShoppingAppTests.debug.xcconfig"; path = "Target Support Files/Pods-ShoppingAppTests/Pods-ShoppingAppTests.debug.xcconfig"; sourceTree = "<group>"; };
		F4B5A174D0B443E776DB68AC /* Pods_ShoppingApp.framework */ = {isa = PBXFileReference; explicitFileType = wrapper.framework; includeInIndex = 0; path = Pods_ShoppingApp.framework; sourceTree = BUILT_PRODUCTS_DIR; };
		F5275742B972887895C246A7 /* Pods-ShoppingApp.release.xcconfig */ = {isa = PBXFileReference; includeInIndex = 1; lastKnownFileType = text.xcconfig; name = "Pods-ShoppingApp.release.xcconfig"; path = "Target Support Files/Pods-ShoppingApp/Pods-ShoppingApp.release.xcconfig"; sourceTree = "<group>"; };
		FBF4F54C9591A9EA1735ECC6 /* Pods-ShoppingApp.debug.xcconfig */ = {isa = PBXFileReference; includeInIndex = 1; lastKnownFileType = text.xcconfig; name = "Pods-ShoppingApp.debug.xcconfig"; path = "Target Support Files/Pods-ShoppingApp/Pods-ShoppingApp.debug.xcconfig"; sourceTree = "<group>"; };
/* End PBXFileReference section */

/* Begin PBXFrameworksBuildPhase section */
		72EDD24827CB63E200CD318A /* Frameworks */ = {
			isa = PBXFrameworksBuildPhase;
			buildActionMask = 2147483647;
			files = (
				3264736D77257DC018219C70 /* Pods_ShoppingApp.framework in Frameworks */,
			);
			runOnlyForDeploymentPostprocessing = 0;
		};
		72EDD25E27CB63E400CD318A /* Frameworks */ = {
			isa = PBXFrameworksBuildPhase;
			buildActionMask = 2147483647;
			files = (
				7C7B87EA9D69C36B73804EF7 /* Pods_ShoppingAppTests.framework in Frameworks */,
			);
			runOnlyForDeploymentPostprocessing = 0;
		};
		72EDD26827CB63E400CD318A /* Frameworks */ = {
			isa = PBXFrameworksBuildPhase;
			buildActionMask = 2147483647;
			files = (
				153D18D5CA52330A1F321016 /* Pods_ShoppingApp_ShoppingAppUITests.framework in Frameworks */,
			);
			runOnlyForDeploymentPostprocessing = 0;
		};
/* End PBXFrameworksBuildPhase section */

/* Begin PBXGroup section */
		2A6600103443222C85E83AEF /* Pods */ = {
			isa = PBXGroup;
			children = (
				FBF4F54C9591A9EA1735ECC6 /* Pods-ShoppingApp.debug.xcconfig */,
				F5275742B972887895C246A7 /* Pods-ShoppingApp.release.xcconfig */,
				983EDD5DDB01BE5A496F1907 /* Pods-ShoppingApp-ShoppingAppUITests.debug.xcconfig */,
				CB6B47B68451165B8538A594 /* Pods-ShoppingApp-ShoppingAppUITests.release.xcconfig */,
				DCF5C4A02C110A52039DC642 /* Pods-ShoppingAppTests.debug.xcconfig */,
				9474B5FEC96976028B0C26DD /* Pods-ShoppingAppTests.release.xcconfig */,
			);
			path = Pods;
			sourceTree = "<group>";
		};
		6FE16F98D397355DAFE3978B /* Frameworks */ = {
			isa = PBXGroup;
			children = (
				F4B5A174D0B443E776DB68AC /* Pods_ShoppingApp.framework */,
				277EA474E56BD352C11D97C7 /* Pods_ShoppingApp_ShoppingAppUITests.framework */,
				5489DD1F2BFFFAD6E6AC1C04 /* Pods_ShoppingAppTests.framework */,
			);
			name = Frameworks;
			sourceTree = "<group>";
		};
		72E625DC27CE3F5D00513273 /* GenericCollectionView */ = {
			isa = PBXGroup;
			children = (
				72E625DD27CE3F9100513273 /* CollectionViewCellConfigurable.swift */,
				72E625DF27CE3FC600513273 /* CollectionViewDataSource.swift */,
			);
			path = GenericCollectionView;
			sourceTree = "<group>";
		};
		72E625E127CE401400513273 /* Utils */ = {
			isa = PBXGroup;
			children = (
				72E625E227CE401900513273 /* Extensions */,
			);
			path = Utils;
			sourceTree = "<group>";
		};
		72E625E227CE401900513273 /* Extensions */ = {
			isa = PBXGroup;
			children = (
				72E625E327CE403D00513273 /* Array+Indexable.swift */,
				72AAEBB627CEB07700EA3ADF /* UIImageView+KF.swift */,
			);
			path = Extensions;
			sourceTree = "<group>";
		};
		72E625E527CE4D2300513273 /* ComositionalLayout */ = {
			isa = PBXGroup;
			children = (
				72E625E627CE4D4300513273 /* CollectionViewComposLayout.swift */,
			);
			path = ComositionalLayout;
			sourceTree = "<group>";
		};
		72E625E827CE4FDC00513273 /* ItemCollectionViewCell */ = {
			isa = PBXGroup;
			children = (
				72E625EA27CE500300513273 /* ItemCollectionViewCell.swift */,
				72E625EB27CE500300513273 /* ItemCollectionViewCell.xib */,
			);
			path = ItemCollectionViewCell;
			sourceTree = "<group>";
		};
		72EDD24227CB63E200CD318A = {
			isa = PBXGroup;
			children = (
				72EDD24D27CB63E200CD318A /* ShoppingApp */,
				72EDD26427CB63E400CD318A /* ShoppingAppTests */,
				72EDD26E27CB63E400CD318A /* ShoppingAppUITests */,
				72EDD24C27CB63E200CD318A /* Products */,
				2A6600103443222C85E83AEF /* Pods */,
				6FE16F98D397355DAFE3978B /* Frameworks */,
			);
			sourceTree = "<group>";
		};
		72EDD24C27CB63E200CD318A /* Products */ = {
			isa = PBXGroup;
			children = (
				72EDD24B27CB63E200CD318A /* ShoppingApp.app */,
				72EDD26127CB63E400CD318A /* ShoppingAppTests.xctest */,
				72EDD26B27CB63E400CD318A /* ShoppingAppUITests.xctest */,
			);
			name = Products;
			sourceTree = "<group>";
		};
		72EDD24D27CB63E200CD318A /* ShoppingApp */ = {
			isa = PBXGroup;
			children = (
				72E625E127CE401400513273 /* Utils */,
				72EDD29527CB8EB800CD318A /* Network */,
				72EDD29E27CBADF900CD318A /* ViewModels */,
				72EDD29227CB8A4F00CD318A /* Models */,
				72EDD29027CB798400CD318A /* Views */,
				72EDD29127CB87BC00CD318A /* Project Files */,
			);
			path = ShoppingApp;
			sourceTree = "<group>";
		};
		72EDD26427CB63E400CD318A /* ShoppingAppTests */ = {
			isa = PBXGroup;
			children = (
				72EDD26527CB63E400CD318A /* ShoppingAppTests.swift */,
			);
			path = ShoppingAppTests;
			sourceTree = "<group>";
		};
		72EDD26E27CB63E400CD318A /* ShoppingAppUITests */ = {
			isa = PBXGroup;
			children = (
				72EDD26F27CB63E400CD318A /* ShoppingAppUITests.swift */,
				72EDD27127CB63E400CD318A /* ShoppingAppUITestsLaunchTests.swift */,
			);
			path = ShoppingAppUITests;
			sourceTree = "<group>";
		};
		72EDD29027CB798400CD318A /* Views */ = {
			isa = PBXGroup;
			children = (
				72E625E527CE4D2300513273 /* ComositionalLayout */,
				72E625DC27CE3F5D00513273 /* GenericCollectionView */,
				72EDD2A127CBC08D00CD318A /* CategoryCollectionViewCell */,
				72E625E827CE4FDC00513273 /* ItemCollectionViewCell */,
				72EDD28E27CB793100CD318A /* CustomTabBar.swift */,
				72EDD29A27CB96BC00CD318A /* HomeViewController.swift */,
				72EDD25227CB63E200CD318A /* MainTabBarViewController.swift */,
				72EDD25427CB63E200CD318A /* Main.storyboard */,
			);
			path = Views;
			sourceTree = "<group>";
		};
		72EDD29127CB87BC00CD318A /* Project Files */ = {
			isa = PBXGroup;
			children = (
				72EDD24E27CB63E200CD318A /* AppDelegate.swift */,
				72EDD25027CB63E200CD318A /* SceneDelegate.swift */,
				72EDD25927CB63E400CD318A /* LaunchScreen.storyboard */,
				72EDD25727CB63E400CD318A /* Assets.xcassets */,
				72EDD25C27CB63E400CD318A /* Info.plist */,
			);
			path = "Project Files";
			sourceTree = "<group>";
		};
		72EDD29227CB8A4F00CD318A /* Models */ = {
			isa = PBXGroup;
			children = (
				72EDD29327CB8AA500CD318A /* ShopItem.swift */,
				72A8318927CC17B1005B1E61 /* CategoryItem.swift */,
			);
			path = Models;
			sourceTree = "<group>";
		};
		72EDD29527CB8EB800CD318A /* Network */ = {
			isa = PBXGroup;
			children = (
				72EDD29627CB8F9400CD318A /* Network.swift */,
				72EDD29827CB8FB700CD318A /* Requestable.swift */,
				72EDD29C27CB973A00CD318A /* ItemRequest.swift */,
			);
			path = Network;
			sourceTree = "<group>";
		};
		72EDD29E27CBADF900CD318A /* ViewModels */ = {
			isa = PBXGroup;
			children = (
				72EDD29F27CBAE1E00CD318A /* HomeViewModel.swift */,
			);
			path = ViewModels;
			sourceTree = "<group>";
		};
		72EDD2A127CBC08D00CD318A /* CategoryCollectionViewCell */ = {
			isa = PBXGroup;
			children = (
				72EDD2A227CBC0C000CD318A /* CategoryCollectionViewCell.swift */,
				72EDD2A627CBC56600CD318A /* CategoryCollectionViewCell.xib */,
			);
			path = CategoryCollectionViewCell;
			sourceTree = "<group>";
		};
/* End PBXGroup section */

/* Begin PBXNativeTarget section */
		72EDD24A27CB63E200CD318A /* ShoppingApp */ = {
			isa = PBXNativeTarget;
			buildConfigurationList = 72EDD27527CB63E400CD318A /* Build configuration list for PBXNativeTarget "ShoppingApp" */;
			buildPhases = (
				CDA342590AB9C55454442313 /* [CP] Check Pods Manifest.lock */,
				72EDD24727CB63E200CD318A /* Sources */,
				72EDD24827CB63E200CD318A /* Frameworks */,
				72EDD24927CB63E200CD318A /* Resources */,
				F9B4A0D576D689F45FCE0EAD /* [CP] Embed Pods Frameworks */,
			);
			buildRules = (
			);
			dependencies = (
			);
			name = ShoppingApp;
			productName = ShoppingApp;
			productReference = 72EDD24B27CB63E200CD318A /* ShoppingApp.app */;
			productType = "com.apple.product-type.application";
		};
		72EDD26027CB63E400CD318A /* ShoppingAppTests */ = {
			isa = PBXNativeTarget;
			buildConfigurationList = 72EDD27827CB63E400CD318A /* Build configuration list for PBXNativeTarget "ShoppingAppTests" */;
			buildPhases = (
				8CF0C3B46AE5AC1FAAA3EEC7 /* [CP] Check Pods Manifest.lock */,
				72EDD25D27CB63E400CD318A /* Sources */,
				72EDD25E27CB63E400CD318A /* Frameworks */,
				72EDD25F27CB63E400CD318A /* Resources */,
			);
			buildRules = (
			);
			dependencies = (
				72EDD26327CB63E400CD318A /* PBXTargetDependency */,
			);
			name = ShoppingAppTests;
			productName = ShoppingAppTests;
			productReference = 72EDD26127CB63E400CD318A /* ShoppingAppTests.xctest */;
			productType = "com.apple.product-type.bundle.unit-test";
		};
		72EDD26A27CB63E400CD318A /* ShoppingAppUITests */ = {
			isa = PBXNativeTarget;
			buildConfigurationList = 72EDD27B27CB63E400CD318A /* Build configuration list for PBXNativeTarget "ShoppingAppUITests" */;
			buildPhases = (
				6C798794CEEDEE9A0776800D /* [CP] Check Pods Manifest.lock */,
				72EDD26727CB63E400CD318A /* Sources */,
				72EDD26827CB63E400CD318A /* Frameworks */,
				72EDD26927CB63E400CD318A /* Resources */,
				EC3500FD1D002B8F410EB2BC /* [CP] Embed Pods Frameworks */,
			);
			buildRules = (
			);
			dependencies = (
				72EDD26D27CB63E400CD318A /* PBXTargetDependency */,
			);
			name = ShoppingAppUITests;
			productName = ShoppingAppUITests;
			productReference = 72EDD26B27CB63E400CD318A /* ShoppingAppUITests.xctest */;
			productType = "com.apple.product-type.bundle.ui-testing";
		};
/* End PBXNativeTarget section */

/* Begin PBXProject section */
		72EDD24327CB63E200CD318A /* Project object */ = {
			isa = PBXProject;
			attributes = {
				BuildIndependentTargetsInParallel = 1;
				LastSwiftUpdateCheck = 1320;
				LastUpgradeCheck = 1320;
				TargetAttributes = {
					72EDD24A27CB63E200CD318A = {
						CreatedOnToolsVersion = 13.2;
					};
					72EDD26027CB63E400CD318A = {
						CreatedOnToolsVersion = 13.2;
						TestTargetID = 72EDD24A27CB63E200CD318A;
					};
					72EDD26A27CB63E400CD318A = {
						CreatedOnToolsVersion = 13.2;
						TestTargetID = 72EDD24A27CB63E200CD318A;
					};
				};
			};
			buildConfigurationList = 72EDD24627CB63E200CD318A /* Build configuration list for PBXProject "ShoppingApp" */;
			compatibilityVersion = "Xcode 13.0";
			developmentRegion = en;
			hasScannedForEncodings = 0;
			knownRegions = (
				en,
				Base,
			);
			mainGroup = 72EDD24227CB63E200CD318A;
			productRefGroup = 72EDD24C27CB63E200CD318A /* Products */;
			projectDirPath = "";
			projectRoot = "";
			targets = (
				72EDD24A27CB63E200CD318A /* ShoppingApp */,
				72EDD26027CB63E400CD318A /* ShoppingAppTests */,
				72EDD26A27CB63E400CD318A /* ShoppingAppUITests */,
			);
		};
/* End PBXProject section */

/* Begin PBXResourcesBuildPhase section */
		72EDD24927CB63E200CD318A /* Resources */ = {
			isa = PBXResourcesBuildPhase;
			buildActionMask = 2147483647;
			files = (
				72EDD25B27CB63E400CD318A /* LaunchScreen.storyboard in Resources */,
				72EDD25827CB63E400CD318A /* Assets.xcassets in Resources */,
				72E625ED27CE500300513273 /* ItemCollectionViewCell.xib in Resources */,
				72EDD25627CB63E200CD318A /* Main.storyboard in Resources */,
				72EDD2A727CBC56700CD318A /* CategoryCollectionViewCell.xib in Resources */,
			);
			runOnlyForDeploymentPostprocessing = 0;
		};
		72EDD25F27CB63E400CD318A /* Resources */ = {
			isa = PBXResourcesBuildPhase;
			buildActionMask = 2147483647;
			files = (
			);
			runOnlyForDeploymentPostprocessing = 0;
		};
		72EDD26927CB63E400CD318A /* Resources */ = {
			isa = PBXResourcesBuildPhase;
			buildActionMask = 2147483647;
			files = (
			);
			runOnlyForDeploymentPostprocessing = 0;
		};
/* End PBXResourcesBuildPhase section */

/* Begin PBXShellScriptBuildPhase section */
		6C798794CEEDEE9A0776800D /* [CP] Check Pods Manifest.lock */ = {
			isa = PBXShellScriptBuildPhase;
			buildActionMask = 2147483647;
			files = (
			);
			inputFileListPaths = (
			);
			inputPaths = (
				"${PODS_PODFILE_DIR_PATH}/Podfile.lock",
				"${PODS_ROOT}/Manifest.lock",
			);
			name = "[CP] Check Pods Manifest.lock";
			outputFileListPaths = (
			);
			outputPaths = (
				"$(DERIVED_FILE_DIR)/Pods-ShoppingApp-ShoppingAppUITests-checkManifestLockResult.txt",
			);
			runOnlyForDeploymentPostprocessing = 0;
			shellPath = /bin/sh;
			shellScript = "diff \"${PODS_PODFILE_DIR_PATH}/Podfile.lock\" \"${PODS_ROOT}/Manifest.lock\" > /dev/null\nif [ $? != 0 ] ; then\n    # print error to STDERR\n    echo \"error: The sandbox is not in sync with the Podfile.lock. Run 'pod install' or update your CocoaPods installation.\" >&2\n    exit 1\nfi\n# This output is used by Xcode 'outputs' to avoid re-running this script phase.\necho \"SUCCESS\" > \"${SCRIPT_OUTPUT_FILE_0}\"\n";
			showEnvVarsInLog = 0;
		};
		8CF0C3B46AE5AC1FAAA3EEC7 /* [CP] Check Pods Manifest.lock */ = {
			isa = PBXShellScriptBuildPhase;
			buildActionMask = 2147483647;
			files = (
			);
			inputFileListPaths = (
			);
			inputPaths = (
				"${PODS_PODFILE_DIR_PATH}/Podfile.lock",
				"${PODS_ROOT}/Manifest.lock",
			);
			name = "[CP] Check Pods Manifest.lock";
			outputFileListPaths = (
			);
			outputPaths = (
				"$(DERIVED_FILE_DIR)/Pods-ShoppingAppTests-checkManifestLockResult.txt",
			);
			runOnlyForDeploymentPostprocessing = 0;
			shellPath = /bin/sh;
			shellScript = "diff \"${PODS_PODFILE_DIR_PATH}/Podfile.lock\" \"${PODS_ROOT}/Manifest.lock\" > /dev/null\nif [ $? != 0 ] ; then\n    # print error to STDERR\n    echo \"error: The sandbox is not in sync with the Podfile.lock. Run 'pod install' or update your CocoaPods installation.\" >&2\n    exit 1\nfi\n# This output is used by Xcode 'outputs' to avoid re-running this script phase.\necho \"SUCCESS\" > \"${SCRIPT_OUTPUT_FILE_0}\"\n";
			showEnvVarsInLog = 0;
		};
		CDA342590AB9C55454442313 /* [CP] Check Pods Manifest.lock */ = {
			isa = PBXShellScriptBuildPhase;
			buildActionMask = 2147483647;
			files = (
			);
			inputFileListPaths = (
			);
			inputPaths = (
				"${PODS_PODFILE_DIR_PATH}/Podfile.lock",
				"${PODS_ROOT}/Manifest.lock",
			);
			name = "[CP] Check Pods Manifest.lock";
			outputFileListPaths = (
			);
			outputPaths = (
				"$(DERIVED_FILE_DIR)/Pods-ShoppingApp-checkManifestLockResult.txt",
			);
			runOnlyForDeploymentPostprocessing = 0;
			shellPath = /bin/sh;
			shellScript = "diff \"${PODS_PODFILE_DIR_PATH}/Podfile.lock\" \"${PODS_ROOT}/Manifest.lock\" > /dev/null\nif [ $? != 0 ] ; then\n    # print error to STDERR\n    echo \"error: The sandbox is not in sync with the Podfile.lock. Run 'pod install' or update your CocoaPods installation.\" >&2\n    exit 1\nfi\n# This output is used by Xcode 'outputs' to avoid re-running this script phase.\necho \"SUCCESS\" > \"${SCRIPT_OUTPUT_FILE_0}\"\n";
			showEnvVarsInLog = 0;
		};
		EC3500FD1D002B8F410EB2BC /* [CP] Embed Pods Frameworks */ = {
			isa = PBXShellScriptBuildPhase;
			buildActionMask = 2147483647;
			files = (
			);
			inputFileListPaths = (
				"${PODS_ROOT}/Target Support Files/Pods-ShoppingApp-ShoppingAppUITests/Pods-ShoppingApp-ShoppingAppUITests-frameworks-${CONFIGURATION}-input-files.xcfilelist",
			);
			name = "[CP] Embed Pods Frameworks";
			outputFileListPaths = (
				"${PODS_ROOT}/Target Support Files/Pods-ShoppingApp-ShoppingAppUITests/Pods-ShoppingApp-ShoppingAppUITests-frameworks-${CONFIGURATION}-output-files.xcfilelist",
			);
			runOnlyForDeploymentPostprocessing = 0;
			shellPath = /bin/sh;
			shellScript = "\"${PODS_ROOT}/Target Support Files/Pods-ShoppingApp-ShoppingAppUITests/Pods-ShoppingApp-ShoppingAppUITests-frameworks.sh\"\n";
			showEnvVarsInLog = 0;
		};
		F9B4A0D576D689F45FCE0EAD /* [CP] Embed Pods Frameworks */ = {
			isa = PBXShellScriptBuildPhase;
			buildActionMask = 2147483647;
			files = (
			);
			inputFileListPaths = (
				"${PODS_ROOT}/Target Support Files/Pods-ShoppingApp/Pods-ShoppingApp-frameworks-${CONFIGURATION}-input-files.xcfilelist",
			);
			name = "[CP] Embed Pods Frameworks";
			outputFileListPaths = (
				"${PODS_ROOT}/Target Support Files/Pods-ShoppingApp/Pods-ShoppingApp-frameworks-${CONFIGURATION}-output-files.xcfilelist",
			);
			runOnlyForDeploymentPostprocessing = 0;
			shellPath = /bin/sh;
			shellScript = "\"${PODS_ROOT}/Target Support Files/Pods-ShoppingApp/Pods-ShoppingApp-frameworks.sh\"\n";
			showEnvVarsInLog = 0;
		};
/* End PBXShellScriptBuildPhase section */

/* Begin PBXSourcesBuildPhase section */
		72EDD24727CB63E200CD318A /* Sources */ = {
			isa = PBXSourcesBuildPhase;
			buildActionMask = 2147483647;
			files = (
				72E625DE27CE3F9100513273 /* CollectionViewCellConfigurable.swift in Sources */,
				72EDD28F27CB793100CD318A /* CustomTabBar.swift in Sources */,
				72E625E727CE4D4300513273 /* CollectionViewComposLayout.swift in Sources */,
				72EDD29927CB8FB700CD318A /* Requestable.swift in Sources */,
				72EDD25327CB63E200CD318A /* MainTabBarViewController.swift in Sources */,
				72EDD2A027CBAE1E00CD318A /* HomeViewModel.swift in Sources */,
				72EDD29D27CB973A00CD318A /* ItemRequest.swift in Sources */,
				72E625EC27CE500300513273 /* ItemCollectionViewCell.swift in Sources */,
				72E625E427CE403D00513273 /* Array+Indexable.swift in Sources */,
				72EDD29B27CB96BC00CD318A /* HomeViewController.swift in Sources */,
				72EDD2A427CBC0C000CD318A /* CategoryCollectionViewCell.swift in Sources */,
				72EDD29727CB8F9400CD318A /* Network.swift in Sources */,
				72EDD29427CB8AA500CD318A /* ShopItem.swift in Sources */,
				72EDD24F27CB63E200CD318A /* AppDelegate.swift in Sources */,
				72A8318A27CC17B1005B1E61 /* CategoryItem.swift in Sources */,
				72AAEBB727CEB07700EA3ADF /* UIImageView+KF.swift in Sources */,
				72EDD25127CB63E200CD318A /* SceneDelegate.swift in Sources */,
				72E625E027CE3FC600513273 /* CollectionViewDataSource.swift in Sources */,
			);
			runOnlyForDeploymentPostprocessing = 0;
		};
		72EDD25D27CB63E400CD318A /* Sources */ = {
			isa = PBXSourcesBuildPhase;
			buildActionMask = 2147483647;
			files = (
				72EDD26627CB63E400CD318A /* ShoppingAppTests.swift in Sources */,
			);
			runOnlyForDeploymentPostprocessing = 0;
		};
		72EDD26727CB63E400CD318A /* Sources */ = {
			isa = PBXSourcesBuildPhase;
			buildActionMask = 2147483647;
			files = (
				72EDD27227CB63E400CD318A /* ShoppingAppUITestsLaunchTests.swift in Sources */,
				72EDD27027CB63E400CD318A /* ShoppingAppUITests.swift in Sources */,
			);
			runOnlyForDeploymentPostprocessing = 0;
		};
/* End PBXSourcesBuildPhase section */

/* Begin PBXTargetDependency section */
		72EDD26327CB63E400CD318A /* PBXTargetDependency */ = {
			isa = PBXTargetDependency;
			target = 72EDD24A27CB63E200CD318A /* ShoppingApp */;
			targetProxy = 72EDD26227CB63E400CD318A /* PBXContainerItemProxy */;
		};
		72EDD26D27CB63E400CD318A /* PBXTargetDependency */ = {
			isa = PBXTargetDependency;
			target = 72EDD24A27CB63E200CD318A /* ShoppingApp */;
			targetProxy = 72EDD26C27CB63E400CD318A /* PBXContainerItemProxy */;
		};
/* End PBXTargetDependency section */

/* Begin PBXVariantGroup section */
		72EDD25427CB63E200CD318A /* Main.storyboard */ = {
			isa = PBXVariantGroup;
			children = (
				72EDD25527CB63E200CD318A /* Base */,
			);
			name = Main.storyboard;
			sourceTree = "<group>";
		};
		72EDD25927CB63E400CD318A /* LaunchScreen.storyboard */ = {
			isa = PBXVariantGroup;
			children = (
				72EDD25A27CB63E400CD318A /* Base */,
			);
			name = LaunchScreen.storyboard;
			sourceTree = "<group>";
		};
/* End PBXVariantGroup section */

/* Begin XCBuildConfiguration section */
		72EDD27327CB63E400CD318A /* Debug */ = {
			isa = XCBuildConfiguration;
			buildSettings = {
				ALWAYS_SEARCH_USER_PATHS = NO;
				CLANG_ANALYZER_NONNULL = YES;
				CLANG_ANALYZER_NUMBER_OBJECT_CONVERSION = YES_AGGRESSIVE;
				CLANG_CXX_LANGUAGE_STANDARD = "gnu++17";
				CLANG_CXX_LIBRARY = "libc++";
				CLANG_ENABLE_MODULES = YES;
				CLANG_ENABLE_OBJC_ARC = YES;
				CLANG_ENABLE_OBJC_WEAK = YES;
				CLANG_WARN_BLOCK_CAPTURE_AUTORELEASING = YES;
				CLANG_WARN_BOOL_CONVERSION = YES;
				CLANG_WARN_COMMA = YES;
				CLANG_WARN_CONSTANT_CONVERSION = YES;
				CLANG_WARN_DEPRECATED_OBJC_IMPLEMENTATIONS = YES;
				CLANG_WARN_DIRECT_OBJC_ISA_USAGE = YES_ERROR;
				CLANG_WARN_DOCUMENTATION_COMMENTS = YES;
				CLANG_WARN_EMPTY_BODY = YES;
				CLANG_WARN_ENUM_CONVERSION = YES;
				CLANG_WARN_INFINITE_RECURSION = YES;
				CLANG_WARN_INT_CONVERSION = YES;
				CLANG_WARN_NON_LITERAL_NULL_CONVERSION = YES;
				CLANG_WARN_OBJC_IMPLICIT_RETAIN_SELF = YES;
				CLANG_WARN_OBJC_LITERAL_CONVERSION = YES;
				CLANG_WARN_OBJC_ROOT_CLASS = YES_ERROR;
				CLANG_WARN_QUOTED_INCLUDE_IN_FRAMEWORK_HEADER = YES;
				CLANG_WARN_RANGE_LOOP_ANALYSIS = YES;
				CLANG_WARN_STRICT_PROTOTYPES = YES;
				CLANG_WARN_SUSPICIOUS_MOVE = YES;
				CLANG_WARN_UNGUARDED_AVAILABILITY = YES_AGGRESSIVE;
				CLANG_WARN_UNREACHABLE_CODE = YES;
				CLANG_WARN__DUPLICATE_METHOD_MATCH = YES;
				COPY_PHASE_STRIP = NO;
				DEBUG_INFORMATION_FORMAT = dwarf;
				ENABLE_STRICT_OBJC_MSGSEND = YES;
				ENABLE_TESTABILITY = YES;
				GCC_C_LANGUAGE_STANDARD = gnu11;
				GCC_DYNAMIC_NO_PIC = NO;
				GCC_NO_COMMON_BLOCKS = YES;
				GCC_OPTIMIZATION_LEVEL = 0;
				GCC_PREPROCESSOR_DEFINITIONS = (
					"DEBUG=1",
					"$(inherited)",
				);
				GCC_WARN_64_TO_32_BIT_CONVERSION = YES;
				GCC_WARN_ABOUT_RETURN_TYPE = YES_ERROR;
				GCC_WARN_UNDECLARED_SELECTOR = YES;
				GCC_WARN_UNINITIALIZED_AUTOS = YES_AGGRESSIVE;
				GCC_WARN_UNUSED_FUNCTION = YES;
				GCC_WARN_UNUSED_VARIABLE = YES;
				IPHONEOS_DEPLOYMENT_TARGET = 15.2;
				MTL_ENABLE_DEBUG_INFO = INCLUDE_SOURCE;
				MTL_FAST_MATH = YES;
				ONLY_ACTIVE_ARCH = YES;
				SDKROOT = iphoneos;
				SWIFT_ACTIVE_COMPILATION_CONDITIONS = DEBUG;
				SWIFT_OPTIMIZATION_LEVEL = "-Onone";
			};
			name = Debug;
		};
		72EDD27427CB63E400CD318A /* Release */ = {
			isa = XCBuildConfiguration;
			buildSettings = {
				ALWAYS_SEARCH_USER_PATHS = NO;
				CLANG_ANALYZER_NONNULL = YES;
				CLANG_ANALYZER_NUMBER_OBJECT_CONVERSION = YES_AGGRESSIVE;
				CLANG_CXX_LANGUAGE_STANDARD = "gnu++17";
				CLANG_CXX_LIBRARY = "libc++";
				CLANG_ENABLE_MODULES = YES;
				CLANG_ENABLE_OBJC_ARC = YES;
				CLANG_ENABLE_OBJC_WEAK = YES;
				CLANG_WARN_BLOCK_CAPTURE_AUTORELEASING = YES;
				CLANG_WARN_BOOL_CONVERSION = YES;
				CLANG_WARN_COMMA = YES;
				CLANG_WARN_CONSTANT_CONVERSION = YES;
				CLANG_WARN_DEPRECATED_OBJC_IMPLEMENTATIONS = YES;
				CLANG_WARN_DIRECT_OBJC_ISA_USAGE = YES_ERROR;
				CLANG_WARN_DOCUMENTATION_COMMENTS = YES;
				CLANG_WARN_EMPTY_BODY = YES;
				CLANG_WARN_ENUM_CONVERSION = YES;
				CLANG_WARN_INFINITE_RECURSION = YES;
				CLANG_WARN_INT_CONVERSION = YES;
				CLANG_WARN_NON_LITERAL_NULL_CONVERSION = YES;
				CLANG_WARN_OBJC_IMPLICIT_RETAIN_SELF = YES;
				CLANG_WARN_OBJC_LITERAL_CONVERSION = YES;
				CLANG_WARN_OBJC_ROOT_CLASS = YES_ERROR;
				CLANG_WARN_QUOTED_INCLUDE_IN_FRAMEWORK_HEADER = YES;
				CLANG_WARN_RANGE_LOOP_ANALYSIS = YES;
				CLANG_WARN_STRICT_PROTOTYPES = YES;
				CLANG_WARN_SUSPICIOUS_MOVE = YES;
				CLANG_WARN_UNGUARDED_AVAILABILITY = YES_AGGRESSIVE;
				CLANG_WARN_UNREACHABLE_CODE = YES;
				CLANG_WARN__DUPLICATE_METHOD_MATCH = YES;
				COPY_PHASE_STRIP = NO;
				DEBUG_INFORMATION_FORMAT = "dwarf-with-dsym";
				ENABLE_NS_ASSERTIONS = NO;
				ENABLE_STRICT_OBJC_MSGSEND = YES;
				GCC_C_LANGUAGE_STANDARD = gnu11;
				GCC_NO_COMMON_BLOCKS = YES;
				GCC_WARN_64_TO_32_BIT_CONVERSION = YES;
				GCC_WARN_ABOUT_RETURN_TYPE = YES_ERROR;
				GCC_WARN_UNDECLARED_SELECTOR = YES;
				GCC_WARN_UNINITIALIZED_AUTOS = YES_AGGRESSIVE;
				GCC_WARN_UNUSED_FUNCTION = YES;
				GCC_WARN_UNUSED_VARIABLE = YES;
				IPHONEOS_DEPLOYMENT_TARGET = 15.2;
				MTL_ENABLE_DEBUG_INFO = NO;
				MTL_FAST_MATH = YES;
				SDKROOT = iphoneos;
				SWIFT_COMPILATION_MODE = wholemodule;
				SWIFT_OPTIMIZATION_LEVEL = "-O";
				VALIDATE_PRODUCT = YES;
			};
			name = Release;
		};
		72EDD27627CB63E400CD318A /* Debug */ = {
			isa = XCBuildConfiguration;
			baseConfigurationReference = FBF4F54C9591A9EA1735ECC6 /* Pods-ShoppingApp.debug.xcconfig */;
			buildSettings = {
				ASSETCATALOG_COMPILER_APPICON_NAME = AppIcon;
				ASSETCATALOG_COMPILER_GLOBAL_ACCENT_COLOR_NAME = AccentColor;
				CODE_SIGN_STYLE = Automatic;
				CURRENT_PROJECT_VERSION = 1;
				DEVELOPMENT_TEAM = 3A83C749KK;
				GENERATE_INFOPLIST_FILE = YES;
				INFOPLIST_FILE = ShoppingApp/Info.plist;
				INFOPLIST_KEY_UIApplicationSupportsIndirectInputEvents = YES;
				INFOPLIST_KEY_UILaunchStoryboardName = LaunchScreen;
				INFOPLIST_KEY_UIMainStoryboardFile = Main;
				INFOPLIST_KEY_UISupportedInterfaceOrientations = UIInterfaceOrientationPortrait;
				INFOPLIST_KEY_UISupportedInterfaceOrientations_iPad = "UIInterfaceOrientationPortrait UIInterfaceOrientationPortraitUpsideDown UIInterfaceOrientationLandscapeLeft UIInterfaceOrientationLandscapeRight";
				INFOPLIST_KEY_UISupportedInterfaceOrientations_iPhone = "UIInterfaceOrientationPortrait UIInterfaceOrientationLandscapeLeft UIInterfaceOrientationLandscapeRight";
				LD_RUNPATH_SEARCH_PATHS = (
					"$(inherited)",
					"@executable_path/Frameworks",
				);
				MARKETING_VERSION = 1.0;
				PRODUCT_BUNDLE_IDENTIFIER = com.morteza.ShoppingApp;
				PRODUCT_NAME = "$(TARGET_NAME)";
				SWIFT_EMIT_LOC_STRINGS = YES;
				SWIFT_VERSION = 5.0;
				TARGETED_DEVICE_FAMILY = 1;
			};
			name = Debug;
		};
		72EDD27727CB63E400CD318A /* Release */ = {
			isa = XCBuildConfiguration;
			baseConfigurationReference = F5275742B972887895C246A7 /* Pods-ShoppingApp.release.xcconfig */;
			buildSettings = {
				ASSETCATALOG_COMPILER_APPICON_NAME = AppIcon;
				ASSETCATALOG_COMPILER_GLOBAL_ACCENT_COLOR_NAME = AccentColor;
				CODE_SIGN_STYLE = Automatic;
				CURRENT_PROJECT_VERSION = 1;
				DEVELOPMENT_TEAM = 3A83C749KK;
				GENERATE_INFOPLIST_FILE = YES;
				INFOPLIST_FILE = ShoppingApp/Info.plist;
				INFOPLIST_KEY_UIApplicationSupportsIndirectInputEvents = YES;
				INFOPLIST_KEY_UILaunchStoryboardName = LaunchScreen;
				INFOPLIST_KEY_UIMainStoryboardFile = Main;
				INFOPLIST_KEY_UISupportedInterfaceOrientations = UIInterfaceOrientationPortrait;
				INFOPLIST_KEY_UISupportedInterfaceOrientations_iPad = "UIInterfaceOrientationPortrait UIInterfaceOrientationPortraitUpsideDown UIInterfaceOrientationLandscapeLeft UIInterfaceOrientationLandscapeRight";
				INFOPLIST_KEY_UISupportedInterfaceOrientations_iPhone = "UIInterfaceOrientationPortrait UIInterfaceOrientationLandscapeLeft UIInterfaceOrientationLandscapeRight";
				LD_RUNPATH_SEARCH_PATHS = (
					"$(inherited)",
					"@executable_path/Frameworks",
				);
				MARKETING_VERSION = 1.0;
				PRODUCT_BUNDLE_IDENTIFIER = com.morteza.ShoppingApp;
				PRODUCT_NAME = "$(TARGET_NAME)";
				SWIFT_EMIT_LOC_STRINGS = YES;
				SWIFT_VERSION = 5.0;
				TARGETED_DEVICE_FAMILY = 1;
			};
			name = Release;
		};
		72EDD27927CB63E400CD318A /* Debug */ = {
			isa = XCBuildConfiguration;
			baseConfigurationReference = DCF5C4A02C110A52039DC642 /* Pods-ShoppingAppTests.debug.xcconfig */;
			buildSettings = {
				ALWAYS_EMBED_SWIFT_STANDARD_LIBRARIES = YES;
				BUNDLE_LOADER = "$(TEST_HOST)";
				CODE_SIGN_STYLE = Automatic;
				CURRENT_PROJECT_VERSION = 1;
				DEVELOPMENT_TEAM = 3A83C749KK;
				GENERATE_INFOPLIST_FILE = YES;
				IPHONEOS_DEPLOYMENT_TARGET = 15.2;
				MARKETING_VERSION = 1.0;
				PRODUCT_BUNDLE_IDENTIFIER = com.morteza.ShoppingAppTests;
				PRODUCT_NAME = "$(TARGET_NAME)";
				SWIFT_EMIT_LOC_STRINGS = NO;
				SWIFT_VERSION = 5.0;
				TARGETED_DEVICE_FAMILY = "1,2";
				TEST_HOST = "$(BUILT_PRODUCTS_DIR)/ShoppingApp.app/ShoppingApp";
			};
			name = Debug;
		};
		72EDD27A27CB63E400CD318A /* Release */ = {
			isa = XCBuildConfiguration;
			baseConfigurationReference = 9474B5FEC96976028B0C26DD /* Pods-ShoppingAppTests.release.xcconfig */;
			buildSettings = {
				ALWAYS_EMBED_SWIFT_STANDARD_LIBRARIES = YES;
				BUNDLE_LOADER = "$(TEST_HOST)";
				CODE_SIGN_STYLE = Automatic;
				CURRENT_PROJECT_VERSION = 1;
				DEVELOPMENT_TEAM = 3A83C749KK;
				GENERATE_INFOPLIST_FILE = YES;
				IPHONEOS_DEPLOYMENT_TARGET = 15.2;
				MARKETING_VERSION = 1.0;
				PRODUCT_BUNDLE_IDENTIFIER = com.morteza.ShoppingAppTests;
				PRODUCT_NAME = "$(TARGET_NAME)";
				SWIFT_EMIT_LOC_STRINGS = NO;
				SWIFT_VERSION = 5.0;
				TARGETED_DEVICE_FAMILY = "1,2";
				TEST_HOST = "$(BUILT_PRODUCTS_DIR)/ShoppingApp.app/ShoppingApp";
			};
			name = Release;
		};
		72EDD27C27CB63E400CD318A /* Debug */ = {
			isa = XCBuildConfiguration;
			baseConfigurationReference = 983EDD5DDB01BE5A496F1907 /* Pods-ShoppingApp-ShoppingAppUITests.debug.xcconfig */;
			buildSettings = {
				ALWAYS_EMBED_SWIFT_STANDARD_LIBRARIES = YES;
				CODE_SIGN_STYLE = Automatic;
				CURRENT_PROJECT_VERSION = 1;
				DEVELOPMENT_TEAM = 3A83C749KK;
				GENERATE_INFOPLIST_FILE = YES;
				MARKETING_VERSION = 1.0;
				PRODUCT_BUNDLE_IDENTIFIER = com.morteza.ShoppingAppUITests;
				PRODUCT_NAME = "$(TARGET_NAME)";
				SWIFT_EMIT_LOC_STRINGS = NO;
				SWIFT_VERSION = 5.0;
				TARGETED_DEVICE_FAMILY = "1,2";
				TEST_TARGET_NAME = ShoppingApp;
			};
			name = Debug;
		};
		72EDD27D27CB63E400CD318A /* Release */ = {
			isa = XCBuildConfiguration;
			baseConfigurationReference = CB6B47B68451165B8538A594 /* Pods-ShoppingApp-ShoppingAppUITests.release.xcconfig */;
			buildSettings = {
				ALWAYS_EMBED_SWIFT_STANDARD_LIBRARIES = YES;
				CODE_SIGN_STYLE = Automatic;
				CURRENT_PROJECT_VERSION = 1;
				DEVELOPMENT_TEAM = 3A83C749KK;
				GENERATE_INFOPLIST_FILE = YES;
				MARKETING_VERSION = 1.0;
				PRODUCT_BUNDLE_IDENTIFIER = com.morteza.ShoppingAppUITests;
				PRODUCT_NAME = "$(TARGET_NAME)";
				SWIFT_EMIT_LOC_STRINGS = NO;
				SWIFT_VERSION = 5.0;
				TARGETED_DEVICE_FAMILY = "1,2";
				TEST_TARGET_NAME = ShoppingApp;
			};
			name = Release;
		};
/* End XCBuildConfiguration section */

/* Begin XCConfigurationList section */
		72EDD24627CB63E200CD318A /* Build configuration list for PBXProject "ShoppingApp" */ = {
			isa = XCConfigurationList;
			buildConfigurations = (
				72EDD27327CB63E400CD318A /* Debug */,
				72EDD27427CB63E400CD318A /* Release */,
			);
			defaultConfigurationIsVisible = 0;
			defaultConfigurationName = Release;
		};
		72EDD27527CB63E400CD318A /* Build configuration list for PBXNativeTarget "ShoppingApp" */ = {
			isa = XCConfigurationList;
			buildConfigurations = (
				72EDD27627CB63E400CD318A /* Debug */,
				72EDD27727CB63E400CD318A /* Release */,
			);
			defaultConfigurationIsVisible = 0;
			defaultConfigurationName = Release;
		};
		72EDD27827CB63E400CD318A /* Build configuration list for PBXNativeTarget "ShoppingAppTests" */ = {
			isa = XCConfigurationList;
			buildConfigurations = (
				72EDD27927CB63E400CD318A /* Debug */,
				72EDD27A27CB63E400CD318A /* Release */,
			);
			defaultConfigurationIsVisible = 0;
			defaultConfigurationName = Release;
		};
		72EDD27B27CB63E400CD318A /* Build configuration list for PBXNativeTarget "ShoppingAppUITests" */ = {
			isa = XCConfigurationList;
			buildConfigurations = (
				72EDD27C27CB63E400CD318A /* Debug */,
				72EDD27D27CB63E400CD318A /* Release */,
			);
			defaultConfigurationIsVisible = 0;
			defaultConfigurationName = Release;
		};
/* End XCConfigurationList section */
	};
	rootObject = 72EDD24327CB63E200CD318A /* Project object */;
}
